
Microsoft Visual Studio Solution File, Format Version 12.00
# Visual Studio 15
VisualStudioVersion = 15.0.28307.329
MinimumVisualStudioVersion = 10.0.40219.1
Project("{888888A0-9F3D-457C-B088-3A5042F75D52}") = "Protein classification program", "Protein classification program\Protein classification program.pyproj", "{08E18961-2697-42F7-A286-95EE0A4F089D}"
EndProject
Global
	GlobalSection(SolutionConfigurationPlatforms) = preSolution
		Debug|Any CPU = Debug|Any CPU
		Release|Any CPU = Release|Any CPU
	EndGlobalSection
	GlobalSection(ProjectConfigurationPlatforms) = postSolution
		{08E18961-2697-42F7-A286-95EE0A4F089D}.Debug|Any CPU.ActiveCfg = Debug|Any CPU
		{08E18961-2697-42F7-A286-95EE0A4F089D}.Release|Any CPU.ActiveCfg = Release|Any CPU
	EndGlobalSection
	GlobalSection(SolutionProperties) = preSolution
		HideSolutionNode = FALSE
	EndGlobalSection
	GlobalSection(ExtensibilityGlobals) = postSolution
		SolutionGuid = {4ECBB65F-D7E6-410A-AA1E-970AC00E1E97}
	EndGlobalSection
EndGlobal
